
Microsoft Visual Studio Solution File, Format Version 12.00
# Visual Studio Version 17
VisualStudioVersion = 17.0.31903.59
MinimumVisualStudioVersion = 10.0.40219.1
Project("{FAE04EC0-301F-11D3-BF4B-00C04F79EFBC}") = "Harp.Regulator", "src\Harp.Regulator\Harp.Regulator.csproj", "{2E0F8C45-7BD2-4F1C-9D8A-3B5E1A2C4D6F}"
EndProject
Project("{2150E333-8FDC-42A3-9474-1A3956D46DE8}") = "build", "build", "{DEE5DD87-39C1-BF34-B639-A387DCCF972B}"
	ProjectSection(SolutionItems) = preProject
		build\Common.csproj.props = build\Common.csproj.props
		build\Common.csproj.targets = build\Common.csproj.targets
		build\Common.Tests.csproj.props = build\Common.Tests.csproj.props
		build\icon.png = build\icon.png
		build\Package.props = build\Package.props
		build\Project.csproj.props = build\Project.csproj.props
	EndProjectSection
EndProject
Project("{2150E333-8FDC-42A3-9474-1A3956D46DE8}") = "solution items", "solution items", "{A8F6E912-4C1B-4A8E-9F7D-2B3C5D8E9F0A}"
	ProjectSection(SolutionItems) = preProject
		Harp.Regulator.nsi = Harp.Regulator.nsi
	EndProjectSection
EndProject
Global
	GlobalSection(SolutionConfigurationPlatforms) = preSolution
		Debug|Any CPU = Debug|Any CPU
		Release|Any CPU = Release|Any CPU
	EndGlobalSection
	GlobalSection(ProjectConfigurationPlatforms) = postSolution
		{2E0F8C45-7BD2-4F1C-9D8A-3B5E1A2C4D6F}.Debug|Any CPU.ActiveCfg = Debug|Any CPU
		{2E0F8C45-7BD2-4F1C-9D8A-3B5E1A2C4D6F}.Debug|Any CPU.Build.0 = Debug|Any CPU
		{2E0F8C45-7BD2-4F1C-9D8A-3B5E1A2C4D6F}.Release|Any CPU.ActiveCfg = Release|Any CPU
		{2E0F8C45-7BD2-4F1C-9D8A-3B5E1A2C4D6F}.Release|Any CPU.Build.0 = Release|Any CPU
	EndGlobalSection
	GlobalSection(SolutionProperties) = preSolution
		HideSolutionNode = FALSE
	EndGlobalSection
EndGlobal
